
Microsoft Visual Studio Solution File, Format Version 12.00
# Visual Studio Version 17
VisualStudioVersion = 17.0.31903.59
MinimumVisualStudioVersion = 10.0.40219.1
Project("{FAE04EC0-301F-11D3-BF4B-00C04F79EFBC}") = "Shared", "Shared\Shared.csproj", "{104AA274-2D78-4FD6-9614-BDB83BD1C1D6}"
EndProject
Project("{2150E333-8FDC-42A3-9474-1A3956D46DE8}") = "Services", "Services", "{4E0317E2-B6C8-4005-B425-DC9E094A07FE}"
EndProject
Project("{2150E333-8FDC-42A3-9474-1A3956D46DE8}") = "Usermanagement", "Usermanagement", "{B6D4A29E-9B90-4D57-AD7B-9BCCBE9C6344}"
EndProject
Project("{FAE04EC0-301F-11D3-BF4B-00C04F79EFBC}") = "UserManagement", "Services\Usermanagement\UserManagement\UserManagement.csproj", "{D87E8FAF-87E5-4C82-8372-1767EF0F250D}"
EndProject
Project("{2150E333-8FDC-42A3-9474-1A3956D46DE8}") = "PropertyService", "PropertyService", "{B3B101B5-CCA9-4D3F-8D02-50B6E2A0A6C8}"
EndProject
Project("{FAE04EC0-301F-11D3-BF4B-00C04F79EFBC}") = "PropertyService", "Services\PropertyService\PropertyService\PropertyService.csproj", "{2C5877B7-AC69-4A35-B665-2D8B03BB10C4}"
EndProject
Project("{2150E333-8FDC-42A3-9474-1A3956D46DE8}") = "BookingService", "BookingService", "{48AEE506-4441-4859-B2A6-3C0FF924A4E9}"
EndProject
Project("{FAE04EC0-301F-11D3-BF4B-00C04F79EFBC}") = "BookingService", "Services\BookingService\BookingService\BookingService.csproj", "{00A8CD6F-E45E-4BE6-8DD7-6F4A8E04DD61}"
EndProject
Project("{2150E333-8FDC-42A3-9474-1A3956D46DE8}") = "EmailService", "EmailService", "{BB17CD4C-57F8-43D5-96B7-9F3FB39223B6}"
EndProject
Project("{FAE04EC0-301F-11D3-BF4B-00C04F79EFBC}") = "EmailService", "Services\EmailService\EmailService\EmailService.csproj", "{85EE607D-5F33-4973-B98D-1D64D9AC6361}"
EndProject
Project("{2150E333-8FDC-42A3-9474-1A3956D46DE8}") = "PaymentService", "PaymentService", "{62EBAFB5-5647-4E23-AC1F-14032266633E}"
EndProject
Project("{FAE04EC0-301F-11D3-BF4B-00C04F79EFBC}") = "PaymentService", "Services\PaymentService\PaymentService\PaymentService.csproj", "{4FCC7D96-96CA-4B6F-9994-FFB192B49FB2}"
EndProject
Global
	GlobalSection(SolutionConfigurationPlatforms) = preSolution
		Debug|Any CPU = Debug|Any CPU
		Release|Any CPU = Release|Any CPU
	EndGlobalSection
	GlobalSection(SolutionProperties) = preSolution
		HideSolutionNode = FALSE
	EndGlobalSection
	GlobalSection(ProjectConfigurationPlatforms) = postSolution
		{104AA274-2D78-4FD6-9614-BDB83BD1C1D6}.Debug|Any CPU.ActiveCfg = Debug|Any CPU
		{104AA274-2D78-4FD6-9614-BDB83BD1C1D6}.Debug|Any CPU.Build.0 = Debug|Any CPU
		{104AA274-2D78-4FD6-9614-BDB83BD1C1D6}.Release|Any CPU.ActiveCfg = Release|Any CPU
		{104AA274-2D78-4FD6-9614-BDB83BD1C1D6}.Release|Any CPU.Build.0 = Release|Any CPU
		{D87E8FAF-87E5-4C82-8372-1767EF0F250D}.Debug|Any CPU.ActiveCfg = Debug|Any CPU
		{D87E8FAF-87E5-4C82-8372-1767EF0F250D}.Debug|Any CPU.Build.0 = Debug|Any CPU
		{D87E8FAF-87E5-4C82-8372-1767EF0F250D}.Release|Any CPU.ActiveCfg = Release|Any CPU
		{D87E8FAF-87E5-4C82-8372-1767EF0F250D}.Release|Any CPU.Build.0 = Release|Any CPU
		{2C5877B7-AC69-4A35-B665-2D8B03BB10C4}.Debug|Any CPU.ActiveCfg = Debug|Any CPU
		{2C5877B7-AC69-4A35-B665-2D8B03BB10C4}.Debug|Any CPU.Build.0 = Debug|Any CPU
		{2C5877B7-AC69-4A35-B665-2D8B03BB10C4}.Release|Any CPU.ActiveCfg = Release|Any CPU
		{2C5877B7-AC69-4A35-B665-2D8B03BB10C4}.Release|Any CPU.Build.0 = Release|Any CPU
		{00A8CD6F-E45E-4BE6-8DD7-6F4A8E04DD61}.Debug|Any CPU.ActiveCfg = Debug|Any CPU
		{00A8CD6F-E45E-4BE6-8DD7-6F4A8E04DD61}.Debug|Any CPU.Build.0 = Debug|Any CPU
		{00A8CD6F-E45E-4BE6-8DD7-6F4A8E04DD61}.Release|Any CPU.ActiveCfg = Release|Any CPU
		{00A8CD6F-E45E-4BE6-8DD7-6F4A8E04DD61}.Release|Any CPU.Build.0 = Release|Any CPU
		{85EE607D-5F33-4973-B98D-1D64D9AC6361}.Debug|Any CPU.ActiveCfg = Debug|Any CPU
		{85EE607D-5F33-4973-B98D-1D64D9AC6361}.Debug|Any CPU.Build.0 = Debug|Any CPU
		{85EE607D-5F33-4973-B98D-1D64D9AC6361}.Release|Any CPU.ActiveCfg = Release|Any CPU
		{85EE607D-5F33-4973-B98D-1D64D9AC6361}.Release|Any CPU.Build.0 = Release|Any CPU
		{4FCC7D96-96CA-4B6F-9994-FFB192B49FB2}.Debug|Any CPU.ActiveCfg = Debug|Any CPU
		{4FCC7D96-96CA-4B6F-9994-FFB192B49FB2}.Debug|Any CPU.Build.0 = Debug|Any CPU
		{4FCC7D96-96CA-4B6F-9994-FFB192B49FB2}.Release|Any CPU.ActiveCfg = Release|Any CPU
		{4FCC7D96-96CA-4B6F-9994-FFB192B49FB2}.Release|Any CPU.Build.0 = Release|Any CPU
	EndGlobalSection
	GlobalSection(NestedProjects) = preSolution
		{B6D4A29E-9B90-4D57-AD7B-9BCCBE9C6344} = {4E0317E2-B6C8-4005-B425-DC9E094A07FE}
		{D87E8FAF-87E5-4C82-8372-1767EF0F250D} = {B6D4A29E-9B90-4D57-AD7B-9BCCBE9C6344}
		{B3B101B5-CCA9-4D3F-8D02-50B6E2A0A6C8} = {4E0317E2-B6C8-4005-B425-DC9E094A07FE}
		{2C5877B7-AC69-4A35-B665-2D8B03BB10C4} = {B3B101B5-CCA9-4D3F-8D02-50B6E2A0A6C8}
		{48AEE506-4441-4859-B2A6-3C0FF924A4E9} = {4E0317E2-B6C8-4005-B425-DC9E094A07FE}
		{00A8CD6F-E45E-4BE6-8DD7-6F4A8E04DD61} = {48AEE506-4441-4859-B2A6-3C0FF924A4E9}
		{BB17CD4C-57F8-43D5-96B7-9F3FB39223B6} = {4E0317E2-B6C8-4005-B425-DC9E094A07FE}
		{85EE607D-5F33-4973-B98D-1D64D9AC6361} = {BB17CD4C-57F8-43D5-96B7-9F3FB39223B6}
		{62EBAFB5-5647-4E23-AC1F-14032266633E} = {4E0317E2-B6C8-4005-B425-DC9E094A07FE}
		{4FCC7D96-96CA-4B6F-9994-FFB192B49FB2} = {62EBAFB5-5647-4E23-AC1F-14032266633E}
	EndGlobalSection
EndGlobal
